
Microsoft Visual Studio Solution File, Format Version 12.00
# Visual Studio Version 16
VisualStudioVersion = 16.0.29609.76
MinimumVisualStudioVersion = 10.0.40219.1
Project("{FAE04EC0-301F-11D3-BF4B-00C04F79EFBC}") = "Section-12", "Section-12.csproj", "{FDA081C1-BAC9-42AC-8999-E128323C9DE2}"
EndProject
Global
	GlobalSection(SolutionConfigurationPlatforms) = preSolution
		Debug|Any CPU = Debug|Any CPU
		Release|Any CPU = Release|Any CPU
	EndGlobalSection
	GlobalSection(ProjectConfigurationPlatforms) = postSolution
		{FDA081C1-BAC9-42AC-8999-E128323C9DE2}.Debug|Any CPU.ActiveCfg = Debug|Any CPU
		{FDA081C1-BAC9-42AC-8999-E128323C9DE2}.Debug|Any CPU.Build.0 = Debug|Any CPU
		{FDA081C1-BAC9-42AC-8999-E128323C9DE2}.Release|Any CPU.ActiveCfg = Release|Any CPU
		{FDA081C1-BAC9-42AC-8999-E128323C9DE2}.Release|Any CPU.Build.0 = Release|Any CPU
	EndGlobalSection
	GlobalSection(SolutionProperties) = preSolution
		HideSolutionNode = FALSE
	EndGlobalSection
	GlobalSection(ExtensibilityGlobals) = postSolution
		SolutionGuid = {63084CB6-4F47-4E3A-84A5-74A906A4D16F}
	EndGlobalSection
EndGlobal
