
Microsoft Visual Studio Solution File, Format Version 12.00
# Visual Studio Version 16
VisualStudioVersion = 16.0.29609.76
MinimumVisualStudioVersion = 10.0.40219.1
Project("{FAE04EC0-301F-11D3-BF4B-00C04F79EFBC}") = "Section-11", "Section-11.csproj", "{0A0BE428-700C-4C1B-9E23-6B32BF58EDB1}"
EndProject
Global
	GlobalSection(SolutionConfigurationPlatforms) = preSolution
		Debug|Any CPU = Debug|Any CPU
		Release|Any CPU = Release|Any CPU
	EndGlobalSection
	GlobalSection(ProjectConfigurationPlatforms) = postSolution
		{0A0BE428-700C-4C1B-9E23-6B32BF58EDB1}.Debug|Any CPU.ActiveCfg = Debug|Any CPU
		{0A0BE428-700C-4C1B-9E23-6B32BF58EDB1}.Debug|Any CPU.Build.0 = Debug|Any CPU
		{0A0BE428-700C-4C1B-9E23-6B32BF58EDB1}.Release|Any CPU.ActiveCfg = Release|Any CPU
		{0A0BE428-700C-4C1B-9E23-6B32BF58EDB1}.Release|Any CPU.Build.0 = Release|Any CPU
	EndGlobalSection
	GlobalSection(SolutionProperties) = preSolution
		HideSolutionNode = FALSE
	EndGlobalSection
	GlobalSection(ExtensibilityGlobals) = postSolution
		SolutionGuid = {BEF0C8A5-33F5-4D6D-8287-AE7A5C02F5B6}
	EndGlobalSection
EndGlobal
